// !$*UTF8*$!
{
	archiveVersion = 1;
	classes = {
	};
	objectVersion = 55;
	objects = {

/* Begin PBXBuildFile section */
		44058CAE28E68F8E003C6635 /* IfLetGuardBootcamp.swift in Sources */ = {isa = PBXBuildFile; fileRef = 44058CAD28E68F8E003C6635 /* IfLetGuardBootcamp.swift */; };
		44058CB028E6F680003C6635 /* TapGestureBootcamp.swift in Sources */ = {isa = PBXBuildFile; fileRef = 44058CAF28E6F680003C6635 /* TapGestureBootcamp.swift */; };
		44058CB228E70EA6003C6635 /* DarkModeBootcamp.swift in Sources */ = {isa = PBXBuildFile; fileRef = 44058CB128E70EA6003C6635 /* DarkModeBootcamp.swift */; };
		44058CB428E86AFE003C6635 /* DocumentationBootcamp.swift in Sources */ = {isa = PBXBuildFile; fileRef = 44058CB328E86AFE003C6635 /* DocumentationBootcamp.swift */; };
		44058CB628E8C017003C6635 /* OnAppearBootcamp.swift in Sources */ = {isa = PBXBuildFile; fileRef = 44058CB528E8C017003C6635 /* OnAppearBootcamp.swift */; };
		4423172528DAD21800369830 /* CourseCard.swift in Sources */ = {isa = PBXBuildFile; fileRef = 4423172428DAD21800369830 /* CourseCard.swift */; };
		4423172B28DD908900369830 /* GridBootcamp.swift in Sources */ = {isa = PBXBuildFile; fileRef = 4423172A28DD908900369830 /* GridBootcamp.swift */; };
		4423172D28DF57C100369830 /* SafeAreaBootcamp.swift in Sources */ = {isa = PBXBuildFile; fileRef = 4423172C28DF57C100369830 /* SafeAreaBootcamp.swift */; };
		442977352861C562006E6776 /* BackgroundAndOverlayBootcamp.swift in Sources */ = {isa = PBXBuildFile; fileRef = 442977342861C562006E6776 /* BackgroundAndOverlayBootcamp.swift */; };
		4455412E285EDED40004A158 /* FrameBootcamp.swift in Sources */ = {isa = PBXBuildFile; fileRef = 4455412D285EDED40004A158 /* FrameBootcamp.swift */; };
		4458A1B628D244B7006D09D6 /* TextTest.swift in Sources */ = {isa = PBXBuildFile; fileRef = 4458A1B528D244B7006D09D6 /* TextTest.swift */; };
		4458A1B828D496F8006D09D6 /* EnvironmentObjectBootcamp.swift in Sources */ = {isa = PBXBuildFile; fileRef = 4458A1B728D496F8006D09D6 /* EnvironmentObjectBootcamp.swift */; };
		4458A1BE28D6D2E2006D09D6 /* ViewModelBootacmp.swift in Sources */ = {isa = PBXBuildFile; fileRef = 4458A1BD28D6D2E2006D09D6 /* ViewModelBootacmp.swift */; };
		4458A1C028D6D7A1006D09D6 /* PopoverBootcamp.swift in Sources */ = {isa = PBXBuildFile; fileRef = 4458A1BF28D6D7A1006D09D6 /* PopoverBootcamp.swift */; };
		4458A1C228D6F461006D09D6 /* ShowAdvertView.swift in Sources */ = {isa = PBXBuildFile; fileRef = 4458A1C128D6F461006D09D6 /* ShowAdvertView.swift */; };
		4458A1C628D99F42006D09D6 /* favouriteButton.swift in Sources */ = {isa = PBXBuildFile; fileRef = 4458A1C528D99F42006D09D6 /* favouriteButton.swift */; };
		4458A1CC28D9B162006D09D6 /* threeDotsButton.swift in Sources */ = {isa = PBXBuildFile; fileRef = 4458A1CB28D9B162006D09D6 /* threeDotsButton.swift */; };
		445A76EA283A440000923E9B /* SwiftfulThinkingBootcampApp.swift in Sources */ = {isa = PBXBuildFile; fileRef = 445A76E9283A440000923E9B /* SwiftfulThinkingBootcampApp.swift */; };
		445A76EC283A440000923E9B /* ContentView.swift in Sources */ = {isa = PBXBuildFile; fileRef = 445A76EB283A440000923E9B /* ContentView.swift */; };
		445A76EE283A440300923E9B /* Assets.xcassets in Resources */ = {isa = PBXBuildFile; fileRef = 445A76ED283A440300923E9B /* Assets.xcassets */; };
		445A76F1283A440300923E9B /* Preview Assets.xcassets in Resources */ = {isa = PBXBuildFile; fileRef = 445A76F0283A440300923E9B /* Preview Assets.xcassets */; };
		447CEB4C283A5678006EF9D2 /* TextBootcamp.swift in Sources */ = {isa = PBXBuildFile; fileRef = 447CEB4B283A5678006EF9D2 /* TextBootcamp.swift */; };
		447CEB4E283BAE09006EF9D2 /* ShapesBootcamp.swift in Sources */ = {isa = PBXBuildFile; fileRef = 447CEB4D283BAE09006EF9D2 /* ShapesBootcamp.swift */; };
		447CEB50283BBD2B006EF9D2 /* ColorsBootcamp.swift in Sources */ = {isa = PBXBuildFile; fileRef = 447CEB4F283BBD2B006EF9D2 /* ColorsBootcamp.swift */; };
		449150BE28E4610100D9DB97 /* ListViewModel.swift in Sources */ = {isa = PBXBuildFile; fileRef = 449150B328E4610100D9DB97 /* ListViewModel.swift */; };
		449150C028E4610100D9DB97 /* ItemModel.swift in Sources */ = {isa = PBXBuildFile; fileRef = 449150B628E4610100D9DB97 /* ItemModel.swift */; };
		449150C228E4610100D9DB97 /* AddView.swift in Sources */ = {isa = PBXBuildFile; fileRef = 449150BA28E4610100D9DB97 /* AddView.swift */; };
		449150C328E4610100D9DB97 /* ListView.swift in Sources */ = {isa = PBXBuildFile; fileRef = 449150BB28E4610100D9DB97 /* ListView.swift */; };
		449150C428E4610100D9DB97 /* ListRowView.swift in Sources */ = {isa = PBXBuildFile; fileRef = 449150BC28E4610100D9DB97 /* ListRowView.swift */; };
		44A7B1D628E191D90008B5BF /* ConditionalBootcamp.swift in Sources */ = {isa = PBXBuildFile; fileRef = 44A7B1D528E191D90008B5BF /* ConditionalBootcamp.swift */; };
		44B4E88A28410D570027B5D0 /* GradientsBootcamp.swift in Sources */ = {isa = PBXBuildFile; fileRef = 44B4E88928410D570027B5D0 /* GradientsBootcamp.swift */; };
		44B4E88C28412E9E0027B5D0 /* IconsBootcamp.swift in Sources */ = {isa = PBXBuildFile; fileRef = 44B4E88B28412E9E0027B5D0 /* IconsBootcamp.swift */; };
		44B4E88E284CD6B70027B5D0 /* ImageBootcamp.swift in Sources */ = {isa = PBXBuildFile; fileRef = 44B4E88D284CD6B70027B5D0 /* ImageBootcamp.swift */; };
		44DA89FF28C62078003B6ED3 /* PaddeingAndSpacerBootcamp .swift in Sources */ = {isa = PBXBuildFile; fileRef = 44DA89FE28C62078003B6ED3 /* PaddeingAndSpacerBootcamp .swift */; };
		44DA8A0128C7ADC8003B6ED3 /* SpacerBootcamp.swift in Sources */ = {isa = PBXBuildFile; fileRef = 44DA8A0028C7ADC8003B6ED3 /* SpacerBootcamp.swift */; };
		44DA8A0328C7CF32003B6ED3 /* InitalizerBootcamp.swift in Sources */ = {isa = PBXBuildFile; fileRef = 44DA8A0228C7CF32003B6ED3 /* InitalizerBootcamp.swift */; };
		44DA8A0528C837CA003B6ED3 /* ForEachBootcamp.swift in Sources */ = {isa = PBXBuildFile; fileRef = 44DA8A0428C837CA003B6ED3 /* ForEachBootcamp.swift */; };
		44DA8A0728C83BBD003B6ED3 /* ScrolViewBootcamp.swift in Sources */ = {isa = PBXBuildFile; fileRef = 44DA8A0628C83BBD003B6ED3 /* ScrolViewBootcamp.swift */; };
		44DA8A0B28C9CA8C003B6ED3 /* TabViewBootcamp.swift in Sources */ = {isa = PBXBuildFile; fileRef = 44DA8A0A28C9CA8C003B6ED3 /* TabViewBootcamp.swift */; };
		44DA8A0D28CCBB00003B6ED3 /* SheetsBootcamp.swift in Sources */ = {isa = PBXBuildFile; fileRef = 44DA8A0C28CCBB00003B6ED3 /* SheetsBootcamp.swift */; };
		44DA8A0F28CDA6B9003B6ED3 /* ModelBootcamp.swift in Sources */ = {isa = PBXBuildFile; fileRef = 44DA8A0E28CDA6B9003B6ED3 /* ModelBootcamp.swift */; };
		44DA8A1F28CE01A5003B6ED3 /* AdvertMain.swift in Sources */ = {isa = PBXBuildFile; fileRef = 44DA8A1E28CE01A5003B6ED3 /* AdvertMain.swift */; };
		44DCF0DB28CE1C2C00710E27 /* AddressModel.swift in Sources */ = {isa = PBXBuildFile; fileRef = 44DCF0DA28CE1C2C00710E27 /* AddressModel.swift */; };
		44DCF0DD28CE1C3C00710E27 /* AdvertModel.swift in Sources */ = {isa = PBXBuildFile; fileRef = 44DCF0DC28CE1C3C00710E27 /* AdvertModel.swift */; };
		44DCF0E128CF112300710E27 /* LoadAnimation.swift in Sources */ = {isa = PBXBuildFile; fileRef = 44DCF0E028CF112300710E27 /* LoadAnimation.swift */; };
		44DCF0E328CF183300710E27 /* AdvertViewModel.swift in Sources */ = {isa = PBXBuildFile; fileRef = 44DCF0E228CF183300710E27 /* AdvertViewModel.swift */; };
		44F4BA56286AD91100B277E3 /* TelegramIco.swift in Sources */ = {isa = PBXBuildFile; fileRef = 44F4BA55286AD91100B277E3 /* TelegramIco.swift */; };
		44F4BA58286AD9A300B277E3 /* StacksBootcamp.swift in Sources */ = {isa = PBXBuildFile; fileRef = 44F4BA57286AD9A300B277E3 /* StacksBootcamp.swift */; };
		44F96D6128C1E2E900584EE3 /* NavigationViewBootcamp.swift in Sources */ = {isa = PBXBuildFile; fileRef = 44F96D6028C1E2E900584EE3 /* NavigationViewBootcamp.swift */; };
/* End PBXBuildFile section */

/* Begin PBXFileReference section */
		44058CAD28E68F8E003C6635 /* IfLetGuardBootcamp.swift */ = {isa = PBXFileReference; lastKnownFileType = sourcecode.swift; path = IfLetGuardBootcamp.swift; sourceTree = "<group>"; };
		44058CAF28E6F680003C6635 /* TapGestureBootcamp.swift */ = {isa = PBXFileReference; lastKnownFileType = sourcecode.swift; path = TapGestureBootcamp.swift; sourceTree = "<group>"; };
		44058CB128E70EA6003C6635 /* DarkModeBootcamp.swift */ = {isa = PBXFileReference; lastKnownFileType = sourcecode.swift; path = DarkModeBootcamp.swift; sourceTree = "<group>"; };
		44058CB328E86AFE003C6635 /* DocumentationBootcamp.swift */ = {isa = PBXFileReference; lastKnownFileType = sourcecode.swift; path = DocumentationBootcamp.swift; sourceTree = "<group>"; };
		44058CB528E8C017003C6635 /* OnAppearBootcamp.swift */ = {isa = PBXFileReference; lastKnownFileType = sourcecode.swift; path = OnAppearBootcamp.swift; sourceTree = "<group>"; };
		4423172428DAD21800369830 /* CourseCard.swift */ = {isa = PBXFileReference; lastKnownFileType = sourcecode.swift; path = CourseCard.swift; sourceTree = "<group>"; };
		4423172A28DD908900369830 /* GridBootcamp.swift */ = {isa = PBXFileReference; lastKnownFileType = sourcecode.swift; path = GridBootcamp.swift; sourceTree = "<group>"; };
		4423172C28DF57C100369830 /* SafeAreaBootcamp.swift */ = {isa = PBXFileReference; lastKnownFileType = sourcecode.swift; path = SafeAreaBootcamp.swift; sourceTree = "<group>"; };
		442977342861C562006E6776 /* BackgroundAndOverlayBootcamp.swift */ = {isa = PBXFileReference; lastKnownFileType = sourcecode.swift; path = BackgroundAndOverlayBootcamp.swift; sourceTree = "<group>"; };
		4455412D285EDED40004A158 /* FrameBootcamp.swift */ = {isa = PBXFileReference; lastKnownFileType = sourcecode.swift; path = FrameBootcamp.swift; sourceTree = "<group>"; };
		4458A1B528D244B7006D09D6 /* TextTest.swift */ = {isa = PBXFileReference; lastKnownFileType = sourcecode.swift; path = TextTest.swift; sourceTree = "<group>"; };
		4458A1B728D496F8006D09D6 /* EnvironmentObjectBootcamp.swift */ = {isa = PBXFileReference; lastKnownFileType = sourcecode.swift; path = EnvironmentObjectBootcamp.swift; sourceTree = "<group>"; };
		4458A1BD28D6D2E2006D09D6 /* ViewModelBootacmp.swift */ = {isa = PBXFileReference; lastKnownFileType = sourcecode.swift; path = ViewModelBootacmp.swift; sourceTree = "<group>"; };
		4458A1BF28D6D7A1006D09D6 /* PopoverBootcamp.swift */ = {isa = PBXFileReference; lastKnownFileType = sourcecode.swift; path = PopoverBootcamp.swift; sourceTree = "<group>"; };
		4458A1C128D6F461006D09D6 /* ShowAdvertView.swift */ = {isa = PBXFileReference; lastKnownFileType = sourcecode.swift; path = ShowAdvertView.swift; sourceTree = "<group>"; };
		4458A1C528D99F42006D09D6 /* favouriteButton.swift */ = {isa = PBXFileReference; lastKnownFileType = sourcecode.swift; path = favouriteButton.swift; sourceTree = "<group>"; };
		4458A1CB28D9B162006D09D6 /* threeDotsButton.swift */ = {isa = PBXFileReference; lastKnownFileType = sourcecode.swift; path = threeDotsButton.swift; sourceTree = "<group>"; };
		445A76E6283A440000923E9B /* SwiftfulThinkingBootcamp.app */ = {isa = PBXFileReference; explicitFileType = wrapper.application; includeInIndex = 0; path = SwiftfulThinkingBootcamp.app; sourceTree = BUILT_PRODUCTS_DIR; };
		445A76E9283A440000923E9B /* SwiftfulThinkingBootcampApp.swift */ = {isa = PBXFileReference; lastKnownFileType = sourcecode.swift; path = SwiftfulThinkingBootcampApp.swift; sourceTree = "<group>"; };
		445A76EB283A440000923E9B /* ContentView.swift */ = {isa = PBXFileReference; lastKnownFileType = sourcecode.swift; path = ContentView.swift; sourceTree = "<group>"; };
		445A76ED283A440300923E9B /* Assets.xcassets */ = {isa = PBXFileReference; lastKnownFileType = folder.assetcatalog; path = Assets.xcassets; sourceTree = "<group>"; };
		445A76F0283A440300923E9B /* Preview Assets.xcassets */ = {isa = PBXFileReference; lastKnownFileType = folder.assetcatalog; path = "Preview Assets.xcassets"; sourceTree = "<group>"; };
		447CEB4B283A5678006EF9D2 /* TextBootcamp.swift */ = {isa = PBXFileReference; lastKnownFileType = sourcecode.swift; path = TextBootcamp.swift; sourceTree = "<group>"; };
		447CEB4D283BAE09006EF9D2 /* ShapesBootcamp.swift */ = {isa = PBXFileReference; lastKnownFileType = sourcecode.swift; path = ShapesBootcamp.swift; sourceTree = "<group>"; };
		447CEB4F283BBD2B006EF9D2 /* ColorsBootcamp.swift */ = {isa = PBXFileReference; lastKnownFileType = sourcecode.swift; path = ColorsBootcamp.swift; sourceTree = "<group>"; };
		449150B328E4610100D9DB97 /* ListViewModel.swift */ = {isa = PBXFileReference; fileEncoding = 4; lastKnownFileType = sourcecode.swift; path = ListViewModel.swift; sourceTree = "<group>"; };
		449150B628E4610100D9DB97 /* ItemModel.swift */ = {isa = PBXFileReference; fileEncoding = 4; lastKnownFileType = sourcecode.swift; path = ItemModel.swift; sourceTree = "<group>"; };
		449150BA28E4610100D9DB97 /* AddView.swift */ = {isa = PBXFileReference; fileEncoding = 4; lastKnownFileType = sourcecode.swift; path = AddView.swift; sourceTree = "<group>"; };
		449150BB28E4610100D9DB97 /* ListView.swift */ = {isa = PBXFileReference; fileEncoding = 4; lastKnownFileType = sourcecode.swift; path = ListView.swift; sourceTree = "<group>"; };
		449150BC28E4610100D9DB97 /* ListRowView.swift */ = {isa = PBXFileReference; fileEncoding = 4; lastKnownFileType = sourcecode.swift; path = ListRowView.swift; sourceTree = "<group>"; };
		44A7B1D528E191D90008B5BF /* ConditionalBootcamp.swift */ = {isa = PBXFileReference; lastKnownFileType = sourcecode.swift; path = ConditionalBootcamp.swift; sourceTree = "<group>"; };
		44B4E88928410D570027B5D0 /* GradientsBootcamp.swift */ = {isa = PBXFileReference; lastKnownFileType = sourcecode.swift; path = GradientsBootcamp.swift; sourceTree = "<group>"; };
		44B4E88B28412E9E0027B5D0 /* IconsBootcamp.swift */ = {isa = PBXFileReference; lastKnownFileType = sourcecode.swift; path = IconsBootcamp.swift; sourceTree = "<group>"; };
		44B4E88D284CD6B70027B5D0 /* ImageBootcamp.swift */ = {isa = PBXFileReference; lastKnownFileType = sourcecode.swift; path = ImageBootcamp.swift; sourceTree = "<group>"; };
		44DA89FE28C62078003B6ED3 /* PaddeingAndSpacerBootcamp .swift */ = {isa = PBXFileReference; lastKnownFileType = sourcecode.swift; path = "PaddeingAndSpacerBootcamp .swift"; sourceTree = "<group>"; };
		44DA8A0028C7ADC8003B6ED3 /* SpacerBootcamp.swift */ = {isa = PBXFileReference; lastKnownFileType = sourcecode.swift; path = SpacerBootcamp.swift; sourceTree = "<group>"; };
		44DA8A0228C7CF32003B6ED3 /* InitalizerBootcamp.swift */ = {isa = PBXFileReference; lastKnownFileType = sourcecode.swift; path = InitalizerBootcamp.swift; sourceTree = "<group>"; };
		44DA8A0428C837CA003B6ED3 /* ForEachBootcamp.swift */ = {isa = PBXFileReference; lastKnownFileType = sourcecode.swift; path = ForEachBootcamp.swift; sourceTree = "<group>"; };
		44DA8A0628C83BBD003B6ED3 /* ScrolViewBootcamp.swift */ = {isa = PBXFileReference; lastKnownFileType = sourcecode.swift; path = ScrolViewBootcamp.swift; sourceTree = "<group>"; };
		44DA8A0A28C9CA8C003B6ED3 /* TabViewBootcamp.swift */ = {isa = PBXFileReference; lastKnownFileType = sourcecode.swift; path = TabViewBootcamp.swift; sourceTree = "<group>"; };
		44DA8A0C28CCBB00003B6ED3 /* SheetsBootcamp.swift */ = {isa = PBXFileReference; lastKnownFileType = sourcecode.swift; path = SheetsBootcamp.swift; sourceTree = "<group>"; };
		44DA8A0E28CDA6B9003B6ED3 /* ModelBootcamp.swift */ = {isa = PBXFileReference; lastKnownFileType = sourcecode.swift; path = ModelBootcamp.swift; sourceTree = "<group>"; };
		44DA8A1E28CE01A5003B6ED3 /* AdvertMain.swift */ = {isa = PBXFileReference; lastKnownFileType = sourcecode.swift; path = AdvertMain.swift; sourceTree = "<group>"; };
		44DCF0DA28CE1C2C00710E27 /* AddressModel.swift */ = {isa = PBXFileReference; lastKnownFileType = sourcecode.swift; path = AddressModel.swift; sourceTree = "<group>"; };
		44DCF0DC28CE1C3C00710E27 /* AdvertModel.swift */ = {isa = PBXFileReference; lastKnownFileType = sourcecode.swift; path = AdvertModel.swift; sourceTree = "<group>"; };
		44DCF0E028CF112300710E27 /* LoadAnimation.swift */ = {isa = PBXFileReference; lastKnownFileType = sourcecode.swift; path = LoadAnimation.swift; sourceTree = "<group>"; };
		44DCF0E228CF183300710E27 /* AdvertViewModel.swift */ = {isa = PBXFileReference; lastKnownFileType = sourcecode.swift; path = AdvertViewModel.swift; sourceTree = "<group>"; };
		44F4BA55286AD91100B277E3 /* TelegramIco.swift */ = {isa = PBXFileReference; lastKnownFileType = sourcecode.swift; path = TelegramIco.swift; sourceTree = "<group>"; };
		44F4BA57286AD9A300B277E3 /* StacksBootcamp.swift */ = {isa = PBXFileReference; lastKnownFileType = sourcecode.swift; path = StacksBootcamp.swift; sourceTree = "<group>"; };
		44F96D6028C1E2E900584EE3 /* NavigationViewBootcamp.swift */ = {isa = PBXFileReference; lastKnownFileType = sourcecode.swift; path = NavigationViewBootcamp.swift; sourceTree = "<group>"; };
/* End PBXFileReference section */

/* Begin PBXFrameworksBuildPhase section */
		445A76E3283A440000923E9B /* Frameworks */ = {
			isa = PBXFrameworksBuildPhase;
			buildActionMask = 2147483647;
			files = (
			);
			runOnlyForDeploymentPostprocessing = 0;
		};
/* End PBXFrameworksBuildPhase section */

/* Begin PBXGroup section */
		445A76DD283A440000923E9B = {
			isa = PBXGroup;
			children = (
				445A76E8283A440000923E9B /* SwiftfulThinkingBootcamp */,
				445A76E7283A440000923E9B /* Products */,
			);
			sourceTree = "<group>";
		};
		445A76E7283A440000923E9B /* Products */ = {
			isa = PBXGroup;
			children = (
				445A76E6283A440000923E9B /* SwiftfulThinkingBootcamp.app */,
			);
			name = Products;
			sourceTree = "<group>";
		};
		445A76E8283A440000923E9B /* SwiftfulThinkingBootcamp */ = {
			isa = PBXGroup;
			children = (
				449150AF28E4610100D9DB97 /* TodoList */,
				44DA8A1428CDF47D003B6ED3 /* practic */,
				445A76E9283A440000923E9B /* SwiftfulThinkingBootcampApp.swift */,
				445A76EB283A440000923E9B /* ContentView.swift */,
				445A76ED283A440300923E9B /* Assets.xcassets */,
				445A76EF283A440300923E9B /* Preview Content */,
				447CEB4B283A5678006EF9D2 /* TextBootcamp.swift */,
				44DA8A0C28CCBB00003B6ED3 /* SheetsBootcamp.swift */,
				4458A1BD28D6D2E2006D09D6 /* ViewModelBootacmp.swift */,
				44058CB328E86AFE003C6635 /* DocumentationBootcamp.swift */,
				44058CB528E8C017003C6635 /* OnAppearBootcamp.swift */,
				4458A1B728D496F8006D09D6 /* EnvironmentObjectBootcamp.swift */,
				4458A1BF28D6D7A1006D09D6 /* PopoverBootcamp.swift */,
				44B4E88D284CD6B70027B5D0 /* ImageBootcamp.swift */,
				447CEB4D283BAE09006EF9D2 /* ShapesBootcamp.swift */,
				44B4E88B28412E9E0027B5D0 /* IconsBootcamp.swift */,
				447CEB4F283BBD2B006EF9D2 /* ColorsBootcamp.swift */,
				44DA8A0E28CDA6B9003B6ED3 /* ModelBootcamp.swift */,
				44B4E88928410D570027B5D0 /* GradientsBootcamp.swift */,
				4455412D285EDED40004A158 /* FrameBootcamp.swift */,
				44F96D6028C1E2E900584EE3 /* NavigationViewBootcamp.swift */,
				44DA8A0A28C9CA8C003B6ED3 /* TabViewBootcamp.swift */,
				44058CB128E70EA6003C6635 /* DarkModeBootcamp.swift */,
				44DA8A0028C7ADC8003B6ED3 /* SpacerBootcamp.swift */,
				44DA8A0228C7CF32003B6ED3 /* InitalizerBootcamp.swift */,
				44DA8A0428C837CA003B6ED3 /* ForEachBootcamp.swift */,
				44DA8A0628C83BBD003B6ED3 /* ScrolViewBootcamp.swift */,
				442977342861C562006E6776 /* BackgroundAndOverlayBootcamp.swift */,
				44DA89FE28C62078003B6ED3 /* PaddeingAndSpacerBootcamp .swift */,
				44F4BA57286AD9A300B277E3 /* StacksBootcamp.swift */,
				44A7B1D528E191D90008B5BF /* ConditionalBootcamp.swift */,
			);
			path = SwiftfulThinkingBootcamp;
			sourceTree = "<group>";
		};
		445A76EF283A440300923E9B /* Preview Content */ = {
			isa = PBXGroup;
			children = (
				445A76F0283A440300923E9B /* Preview Assets.xcassets */,
			);
			path = "Preview Content";
			sourceTree = "<group>";
		};
		449150AF28E4610100D9DB97 /* TodoList */ = {
			isa = PBXGroup;
			children = (
				449150B028E4610100D9DB97 /* ViewModels */,
				449150B528E4610100D9DB97 /* Models */,
				449150B928E4610100D9DB97 /* Views */,
			);
			path = TodoList;
			sourceTree = "<group>";
		};
		449150B028E4610100D9DB97 /* ViewModels */ = {
			isa = PBXGroup;
			children = (
				449150B328E4610100D9DB97 /* ListViewModel.swift */,
			);
			path = ViewModels;
			sourceTree = "<group>";
		};
		449150B528E4610100D9DB97 /* Models */ = {
			isa = PBXGroup;
			children = (
				449150B628E4610100D9DB97 /* ItemModel.swift */,
			);
			path = Models;
			sourceTree = "<group>";
		};
		449150B928E4610100D9DB97 /* Views */ = {
			isa = PBXGroup;
			children = (
				449150BA28E4610100D9DB97 /* AddView.swift */,
				449150BB28E4610100D9DB97 /* ListView.swift */,
				449150BC28E4610100D9DB97 /* ListRowView.swift */,
				44058CAD28E68F8E003C6635 /* IfLetGuardBootcamp.swift */,
				44058CAF28E6F680003C6635 /* TapGestureBootcamp.swift */,
			);
			path = Views;
			sourceTree = "<group>";
		};
		44DA8A1428CDF47D003B6ED3 /* practic */ = {
			isa = PBXGroup;
			children = (
				44F4BA55286AD91100B277E3 /* TelegramIco.swift */,
				44DA8A1E28CE01A5003B6ED3 /* AdvertMain.swift */,
				4458A1C128D6F461006D09D6 /* ShowAdvertView.swift */,
				4423172A28DD908900369830 /* GridBootcamp.swift */,
				4423172C28DF57C100369830 /* SafeAreaBootcamp.swift */,
				4423172428DAD21800369830 /* CourseCard.swift */,
				44DCF0DA28CE1C2C00710E27 /* AddressModel.swift */,
				44DCF0DC28CE1C3C00710E27 /* AdvertModel.swift */,
				44DCF0E028CF112300710E27 /* LoadAnimation.swift */,
				44DCF0E228CF183300710E27 /* AdvertViewModel.swift */,
				4458A1B528D244B7006D09D6 /* TextTest.swift */,
				4458A1C528D99F42006D09D6 /* favouriteButton.swift */,
				4458A1CB28D9B162006D09D6 /* threeDotsButton.swift */,
			);
			path = practic;
			sourceTree = "<group>";
		};
/* End PBXGroup section */

/* Begin PBXNativeTarget section */
		445A76E5283A440000923E9B /* SwiftfulThinkingBootcamp */ = {
			isa = PBXNativeTarget;
			buildConfigurationList = 445A76F4283A440300923E9B /* Build configuration list for PBXNativeTarget "SwiftfulThinkingBootcamp" */;
			buildPhases = (
				445A76E2283A440000923E9B /* Sources */,
				445A76E3283A440000923E9B /* Frameworks */,
				445A76E4283A440000923E9B /* Resources */,
			);
			buildRules = (
			);
			dependencies = (
			);
			name = SwiftfulThinkingBootcamp;
			productName = SwiftfulThinkingBootcamp;
			productReference = 445A76E6283A440000923E9B /* SwiftfulThinkingBootcamp.app */;
			productType = "com.apple.product-type.application";
		};
/* End PBXNativeTarget section */

/* Begin PBXProject section */
		445A76DE283A440000923E9B /* Project object */ = {
			isa = PBXProject;
			attributes = {
				BuildIndependentTargetsInParallel = 1;
				LastSwiftUpdateCheck = 1330;
				LastUpgradeCheck = 1330;
				TargetAttributes = {
					445A76E5283A440000923E9B = {
						CreatedOnToolsVersion = 13.3.1;
					};
				};
			};
			buildConfigurationList = 445A76E1283A440000923E9B /* Build configuration list for PBXProject "SwiftfulThinkingBootcamp" */;
			compatibilityVersion = "Xcode 13.0";
			developmentRegion = en;
			hasScannedForEncodings = 0;
			knownRegions = (
				en,
				Base,
			);
			mainGroup = 445A76DD283A440000923E9B;
			productRefGroup = 445A76E7283A440000923E9B /* Products */;
			projectDirPath = "";
			projectRoot = "";
			targets = (
				445A76E5283A440000923E9B /* SwiftfulThinkingBootcamp */,
			);
		};
/* End PBXProject section */

/* Begin PBXResourcesBuildPhase section */
		445A76E4283A440000923E9B /* Resources */ = {
			isa = PBXResourcesBuildPhase;
			buildActionMask = 2147483647;
			files = (
				445A76F1283A440300923E9B /* Preview Assets.xcassets in Resources */,
				445A76EE283A440300923E9B /* Assets.xcassets in Resources */,
			);
			runOnlyForDeploymentPostprocessing = 0;
		};
/* End PBXResourcesBuildPhase section */

/* Begin PBXSourcesBuildPhase section */
		445A76E2283A440000923E9B /* Sources */ = {
			isa = PBXSourcesBuildPhase;
			buildActionMask = 2147483647;
			files = (
				4423172B28DD908900369830 /* GridBootcamp.swift in Sources */,
				44F4BA56286AD91100B277E3 /* TelegramIco.swift in Sources */,
				4458A1C628D99F42006D09D6 /* favouriteButton.swift in Sources */,
				44DA8A0728C83BBD003B6ED3 /* ScrolViewBootcamp.swift in Sources */,
				4458A1CC28D9B162006D09D6 /* threeDotsButton.swift in Sources */,
				4458A1B828D496F8006D09D6 /* EnvironmentObjectBootcamp.swift in Sources */,
				4458A1BE28D6D2E2006D09D6 /* ViewModelBootacmp.swift in Sources */,
				44B4E88A28410D570027B5D0 /* GradientsBootcamp.swift in Sources */,
				44F96D6128C1E2E900584EE3 /* NavigationViewBootcamp.swift in Sources */,
				44DA8A0328C7CF32003B6ED3 /* InitalizerBootcamp.swift in Sources */,
				44DA8A1F28CE01A5003B6ED3 /* AdvertMain.swift in Sources */,
				442977352861C562006E6776 /* BackgroundAndOverlayBootcamp.swift in Sources */,
				449150C228E4610100D9DB97 /* AddView.swift in Sources */,
				4458A1C228D6F461006D09D6 /* ShowAdvertView.swift in Sources */,
				447CEB50283BBD2B006EF9D2 /* ColorsBootcamp.swift in Sources */,
				449150BE28E4610100D9DB97 /* ListViewModel.swift in Sources */,
				449150C028E4610100D9DB97 /* ItemModel.swift in Sources */,
				4455412E285EDED40004A158 /* FrameBootcamp.swift in Sources */,
				44DA8A0128C7ADC8003B6ED3 /* SpacerBootcamp.swift in Sources */,
				4458A1B628D244B7006D09D6 /* TextTest.swift in Sources */,
				447CEB4E283BAE09006EF9D2 /* ShapesBootcamp.swift in Sources */,
				445A76EC283A440000923E9B /* ContentView.swift in Sources */,
				44DA8A0528C837CA003B6ED3 /* ForEachBootcamp.swift in Sources */,
				447CEB4C283A5678006EF9D2 /* TextBootcamp.swift in Sources */,
				445A76EA283A440000923E9B /* SwiftfulThinkingBootcampApp.swift in Sources */,
				44DA8A0D28CCBB00003B6ED3 /* SheetsBootcamp.swift in Sources */,
				44DA8A0B28C9CA8C003B6ED3 /* TabViewBootcamp.swift in Sources */,
				44DCF0E328CF183300710E27 /* AdvertViewModel.swift in Sources */,
				4423172528DAD21800369830 /* CourseCard.swift in Sources */,
				44058CB628E8C017003C6635 /* OnAppearBootcamp.swift in Sources */,
				44058CB428E86AFE003C6635 /* DocumentationBootcamp.swift in Sources */,
				449150C428E4610100D9DB97 /* ListRowView.swift in Sources */,
				44A7B1D628E191D90008B5BF /* ConditionalBootcamp.swift in Sources */,
				44058CB228E70EA6003C6635 /* DarkModeBootcamp.swift in Sources */,
				4423172D28DF57C100369830 /* SafeAreaBootcamp.swift in Sources */,
				44DCF0DB28CE1C2C00710E27 /* AddressModel.swift in Sources */,
				4458A1C028D6D7A1006D09D6 /* PopoverBootcamp.swift in Sources */,
				44F4BA58286AD9A300B277E3 /* StacksBootcamp.swift in Sources */,
				44B4E88E284CD6B70027B5D0 /* ImageBootcamp.swift in Sources */,
				44DA89FF28C62078003B6ED3 /* PaddeingAndSpacerBootcamp .swift in Sources */,
				44058CAE28E68F8E003C6635 /* IfLetGuardBootcamp.swift in Sources */,
				449150C328E4610100D9DB97 /* ListView.swift in Sources */,
				44DA8A0F28CDA6B9003B6ED3 /* ModelBootcamp.swift in Sources */,
				44058CB028E6F680003C6635 /* TapGestureBootcamp.swift in Sources */,
				44B4E88C28412E9E0027B5D0 /* IconsBootcamp.swift in Sources */,
				44DCF0E128CF112300710E27 /* LoadAnimation.swift in Sources */,
				44DCF0DD28CE1C3C00710E27 /* AdvertModel.swift in Sources */,
			);
			runOnlyForDeploymentPostprocessing = 0;
		};
/* End PBXSourcesBuildPhase section */

/* Begin XCBuildConfiguration section */
		445A76F2283A440300923E9B /* Debug */ = {
			isa = XCBuildConfiguration;
			buildSettings = {
				ALWAYS_SEARCH_USER_PATHS = NO;
				CLANG_ANALYZER_NONNULL = YES;
				CLANG_ANALYZER_NUMBER_OBJECT_CONVERSION = YES_AGGRESSIVE;
				CLANG_CXX_LANGUAGE_STANDARD = "gnu++17";
				CLANG_ENABLE_MODULES = YES;
				CLANG_ENABLE_OBJC_ARC = YES;
				CLANG_ENABLE_OBJC_WEAK = YES;
				CLANG_WARN_BLOCK_CAPTURE_AUTORELEASING = YES;
				CLANG_WARN_BOOL_CONVERSION = YES;
				CLANG_WARN_COMMA = YES;
				CLANG_WARN_CONSTANT_CONVERSION = YES;
				CLANG_WARN_DEPRECATED_OBJC_IMPLEMENTATIONS = YES;
				CLANG_WARN_DIRECT_OBJC_ISA_USAGE = YES_ERROR;
				CLANG_WARN_DOCUMENTATION_COMMENTS = YES;
				CLANG_WARN_EMPTY_BODY = YES;
				CLANG_WARN_ENUM_CONVERSION = YES;
				CLANG_WARN_INFINITE_RECURSION = YES;
				CLANG_WARN_INT_CONVERSION = YES;
				CLANG_WARN_NON_LITERAL_NULL_CONVERSION = YES;
				CLANG_WARN_OBJC_IMPLICIT_RETAIN_SELF = YES;
				CLANG_WARN_OBJC_LITERAL_CONVERSION = YES;
				CLANG_WARN_OBJC_ROOT_CLASS = YES_ERROR;
				CLANG_WARN_QUOTED_INCLUDE_IN_FRAMEWORK_HEADER = YES;
				CLANG_WARN_RANGE_LOOP_ANALYSIS = YES;
				CLANG_WARN_STRICT_PROTOTYPES = YES;
				CLANG_WARN_SUSPICIOUS_MOVE = YES;
				CLANG_WARN_UNGUARDED_AVAILABILITY = YES_AGGRESSIVE;
				CLANG_WARN_UNREACHABLE_CODE = YES;
				CLANG_WARN__DUPLICATE_METHOD_MATCH = YES;
				COPY_PHASE_STRIP = NO;
				DEBUG_INFORMATION_FORMAT = dwarf;
				ENABLE_STRICT_OBJC_MSGSEND = YES;
				ENABLE_TESTABILITY = YES;
				GCC_C_LANGUAGE_STANDARD = gnu11;
				GCC_DYNAMIC_NO_PIC = NO;
				GCC_NO_COMMON_BLOCKS = YES;
				GCC_OPTIMIZATION_LEVEL = 0;
				GCC_PREPROCESSOR_DEFINITIONS = (
					"DEBUG=1",
					"$(inherited)",
				);
				GCC_WARN_64_TO_32_BIT_CONVERSION = YES;
				GCC_WARN_ABOUT_RETURN_TYPE = YES_ERROR;
				GCC_WARN_UNDECLARED_SELECTOR = YES;
				GCC_WARN_UNINITIALIZED_AUTOS = YES_AGGRESSIVE;
				GCC_WARN_UNUSED_FUNCTION = YES;
				GCC_WARN_UNUSED_VARIABLE = YES;
				IPHONEOS_DEPLOYMENT_TARGET = 15.4;
				MTL_ENABLE_DEBUG_INFO = INCLUDE_SOURCE;
				MTL_FAST_MATH = YES;
				ONLY_ACTIVE_ARCH = YES;
				SDKROOT = iphoneos;
				SWIFT_ACTIVE_COMPILATION_CONDITIONS = DEBUG;
				SWIFT_OPTIMIZATION_LEVEL = "-Onone";
			};
			name = Debug;
		};
		445A76F3283A440300923E9B /* Release */ = {
			isa = XCBuildConfiguration;
			buildSettings = {
				ALWAYS_SEARCH_USER_PATHS = NO;
				CLANG_ANALYZER_NONNULL = YES;
				CLANG_ANALYZER_NUMBER_OBJECT_CONVERSION = YES_AGGRESSIVE;
				CLANG_CXX_LANGUAGE_STANDARD = "gnu++17";
				CLANG_ENABLE_MODULES = YES;
				CLANG_ENABLE_OBJC_ARC = YES;
				CLANG_ENABLE_OBJC_WEAK = YES;
				CLANG_WARN_BLOCK_CAPTURE_AUTORELEASING = YES;
				CLANG_WARN_BOOL_CONVERSION = YES;
				CLANG_WARN_COMMA = YES;
				CLANG_WARN_CONSTANT_CONVERSION = YES;
				CLANG_WARN_DEPRECATED_OBJC_IMPLEMENTATIONS = YES;
				CLANG_WARN_DIRECT_OBJC_ISA_USAGE = YES_ERROR;
				CLANG_WARN_DOCUMENTATION_COMMENTS = YES;
				CLANG_WARN_EMPTY_BODY = YES;
				CLANG_WARN_ENUM_CONVERSION = YES;
				CLANG_WARN_INFINITE_RECURSION = YES;
				CLANG_WARN_INT_CONVERSION = YES;
				CLANG_WARN_NON_LITERAL_NULL_CONVERSION = YES;
				CLANG_WARN_OBJC_IMPLICIT_RETAIN_SELF = YES;
				CLANG_WARN_OBJC_LITERAL_CONVERSION = YES;
				CLANG_WARN_OBJC_ROOT_CLASS = YES_ERROR;
				CLANG_WARN_QUOTED_INCLUDE_IN_FRAMEWORK_HEADER = YES;
				CLANG_WARN_RANGE_LOOP_ANALYSIS = YES;
				CLANG_WARN_STRICT_PROTOTYPES = YES;
				CLANG_WARN_SUSPICIOUS_MOVE = YES;
				CLANG_WARN_UNGUARDED_AVAILABILITY = YES_AGGRESSIVE;
				CLANG_WARN_UNREACHABLE_CODE = YES;
				CLANG_WARN__DUPLICATE_METHOD_MATCH = YES;
				COPY_PHASE_STRIP = NO;
				DEBUG_INFORMATION_FORMAT = "dwarf-with-dsym";
				ENABLE_NS_ASSERTIONS = NO;
				ENABLE_STRICT_OBJC_MSGSEND = YES;
				GCC_C_LANGUAGE_STANDARD = gnu11;
				GCC_NO_COMMON_BLOCKS = YES;
				GCC_WARN_64_TO_32_BIT_CONVERSION = YES;
				GCC_WARN_ABOUT_RETURN_TYPE = YES_ERROR;
				GCC_WARN_UNDECLARED_SELECTOR = YES;
				GCC_WARN_UNINITIALIZED_AUTOS = YES_AGGRESSIVE;
				GCC_WARN_UNUSED_FUNCTION = YES;
				GCC_WARN_UNUSED_VARIABLE = YES;
				IPHONEOS_DEPLOYMENT_TARGET = 15.4;
				MTL_ENABLE_DEBUG_INFO = NO;
				MTL_FAST_MATH = YES;
				SDKROOT = iphoneos;
				SWIFT_COMPILATION_MODE = wholemodule;
				SWIFT_OPTIMIZATION_LEVEL = "-O";
				VALIDATE_PRODUCT = YES;
			};
			name = Release;
		};
		445A76F5283A440300923E9B /* Debug */ = {
			isa = XCBuildConfiguration;
			buildSettings = {
				ASSETCATALOG_COMPILER_APPICON_NAME = AppIcon;
				ASSETCATALOG_COMPILER_GLOBAL_ACCENT_COLOR_NAME = AccentColor;
				CODE_SIGN_STYLE = Automatic;
				CURRENT_PROJECT_VERSION = 1;
				DEVELOPMENT_ASSET_PATHS = "\"SwiftfulThinkingBootcamp/Preview Content\"";
				ENABLE_PREVIEWS = YES;
				GENERATE_INFOPLIST_FILE = YES;
				INFOPLIST_KEY_UIApplicationSceneManifest_Generation = YES;
				INFOPLIST_KEY_UIApplicationSupportsIndirectInputEvents = YES;
				INFOPLIST_KEY_UILaunchScreen_Generation = YES;
				INFOPLIST_KEY_UISupportedInterfaceOrientations = "UIInterfaceOrientationLandscapeLeft UIInterfaceOrientationLandscapeRight UIInterfaceOrientationPortrait";
				INFOPLIST_KEY_UISupportedInterfaceOrientations_iPad = "UIInterfaceOrientationPortrait UIInterfaceOrientationPortraitUpsideDown UIInterfaceOrientationLandscapeLeft UIInterfaceOrientationLandscapeRight";
				INFOPLIST_KEY_UISupportedInterfaceOrientations_iPhone = "UIInterfaceOrientationPortrait UIInterfaceOrientationLandscapeLeft UIInterfaceOrientationLandscapeRight";
				LD_RUNPATH_SEARCH_PATHS = (
					"$(inherited)",
					"@executable_path/Frameworks",
				);
				MARKETING_VERSION = 1.0;
				PRODUCT_BUNDLE_IDENTIFIER = Jahongir.SwiftfulThinkingBootcamp;
				PRODUCT_NAME = "$(TARGET_NAME)";
				SWIFT_EMIT_LOC_STRINGS = YES;
				SWIFT_VERSION = 5.0;
				TARGETED_DEVICE_FAMILY = "1,2";
			};
			name = Debug;
		};
		445A76F6283A440300923E9B /* Release */ = {
			isa = XCBuildConfiguration;
			buildSettings = {
				ASSETCATALOG_COMPILER_APPICON_NAME = AppIcon;
				ASSETCATALOG_COMPILER_GLOBAL_ACCENT_COLOR_NAME = AccentColor;
				CODE_SIGN_STYLE = Automatic;
				CURRENT_PROJECT_VERSION = 1;
				DEVELOPMENT_ASSET_PATHS = "\"SwiftfulThinkingBootcamp/Preview Content\"";
				ENABLE_PREVIEWS = YES;
				GENERATE_INFOPLIST_FILE = YES;
				INFOPLIST_KEY_UIApplicationSceneManifest_Generation = YES;
				INFOPLIST_KEY_UIApplicationSupportsIndirectInputEvents = YES;
				INFOPLIST_KEY_UILaunchScreen_Generation = YES;
				INFOPLIST_KEY_UISupportedInterfaceOrientations = "UIInterfaceOrientationLandscapeLeft UIInterfaceOrientationLandscapeRight UIInterfaceOrientationPortrait";
				INFOPLIST_KEY_UISupportedInterfaceOrientations_iPad = "UIInterfaceOrientationPortrait UIInterfaceOrientationPortraitUpsideDown UIInterfaceOrientationLandscapeLeft UIInterfaceOrientationLandscapeRight";
				INFOPLIST_KEY_UISupportedInterfaceOrientations_iPhone = "UIInterfaceOrientationPortrait UIInterfaceOrientationLandscapeLeft UIInterfaceOrientationLandscapeRight";
				LD_RUNPATH_SEARCH_PATHS = (
					"$(inherited)",
					"@executable_path/Frameworks",
				);
				MARKETING_VERSION = 1.0;
				PRODUCT_BUNDLE_IDENTIFIER = Jahongir.SwiftfulThinkingBootcamp;
				PRODUCT_NAME = "$(TARGET_NAME)";
				SWIFT_EMIT_LOC_STRINGS = YES;
				SWIFT_VERSION = 5.0;
				TARGETED_DEVICE_FAMILY = "1,2";
			};
			name = Release;
		};
/* End XCBuildConfiguration section */

/* Begin XCConfigurationList section */
		445A76E1283A440000923E9B /* Build configuration list for PBXProject "SwiftfulThinkingBootcamp" */ = {
			isa = XCConfigurationList;
			buildConfigurations = (
				445A76F2283A440300923E9B /* Debug */,
				445A76F3283A440300923E9B /* Release */,
			);
			defaultConfigurationIsVisible = 0;
			defaultConfigurationName = Release;
		};
		445A76F4283A440300923E9B /* Build configuration list for PBXNativeTarget "SwiftfulThinkingBootcamp" */ = {
			isa = XCConfigurationList;
			buildConfigurations = (
				445A76F5283A440300923E9B /* Debug */,
				445A76F6283A440300923E9B /* Release */,
			);
			defaultConfigurationIsVisible = 0;
			defaultConfigurationName = Release;
		};
/* End XCConfigurationList section */
	};
	rootObject = 445A76DE283A440000923E9B /* Project object */;
}
